{
	"name": "@mradomski/fast-solidity-parser",
	"version": "0.1.3",
	"lockfileVersion": 2,
	"requires": true,
	"packages": {
		"": {
			"name": "@mradomski/fast-solidity-parser",
			"version": "0.1.3",
			"license": "MIT",
			"devDependencies": {
				"@solidity-parser/parser": "^0.20.1"
			}
		},
		"node_modules/@solidity-parser/parser": {
			"version": "0.20.1",
			"resolved": "https://registry.npmjs.org/@solidity-parser/parser/-/parser-0.20.1.tgz",
			"integrity": "sha512-58I2sRpzaQUN+jJmWbHfbWf9AKfzqCI8JAdFB0vbyY+u8tBRcuTt9LxzasvR0LGQpcRv97eyV7l61FQ3Ib7zVw==",
			"dev": true
		}
	},
	"dependencies": {
		"@solidity-parser/parser": {
			"version": "0.20.1",
			"resolved": "https://registry.npmjs.org/@solidity-parser/parser/-/parser-0.20.1.tgz",
			"integrity": "sha512-58I2sRpzaQUN+jJmWbHfbWf9AKfzqCI8JAdFB0vbyY+u8tBRcuTt9LxzasvR0LGQpcRv97eyV7l61FQ3Ib7zVw==",
			"dev": true
		}
	}
}
