{
	"name": "@mradomski/fast-solidity-parser",
	"version": "0.1.2",
	"lockfileVersion": 2,
	"requires": true,
	"packages": {
		"": {
			"name": "@mradomski/fast-solidity-parser",
			"version": "0.1.2",
			"license": "MIT",
			"devDependencies": {
				"@solidity-parser/parser": "^0.18.0",
				"mitata": "^1.0.32"
			}
		},
		"node_modules/@solidity-parser/parser": {
			"version": "0.18.0",
			"resolved": "https://registry.npmjs.org/@solidity-parser/parser/-/parser-0.18.0.tgz",
			"integrity": "sha512-yfORGUIPgLck41qyN7nbwJRAx17/jAIXCTanHOJZhB6PJ1iAk/84b/xlsVKFSyNyLXIj0dhppoE0+CRws7wlzA==",
			"dev": true
		},
		"node_modules/mitata": {
			"version": "1.0.32",
			"resolved": "https://registry.npmjs.org/mitata/-/mitata-1.0.32.tgz",
			"integrity": "sha512-UioSpAqd+QRTzIjtudWKVar3LbNt0jKS6i7S12uvRxr+eiv77TK7oMi8gNRbdNPH1rKWxrA5M48/QqVKigSQ9Q==",
			"dev": true,
			"license": "MIT"
		}
	},
	"dependencies": {
		"@solidity-parser/parser": {
			"version": "0.18.0",
			"resolved": "https://registry.npmjs.org/@solidity-parser/parser/-/parser-0.18.0.tgz",
			"integrity": "sha512-yfORGUIPgLck41qyN7nbwJRAx17/jAIXCTanHOJZhB6PJ1iAk/84b/xlsVKFSyNyLXIj0dhppoE0+CRws7wlzA==",
			"dev": true
		},
		"mitata": {
			"version": "1.0.32",
			"resolved": "https://registry.npmjs.org/mitata/-/mitata-1.0.32.tgz",
			"integrity": "sha512-UioSpAqd+QRTzIjtudWKVar3LbNt0jKS6i7S12uvRxr+eiv77TK7oMi8gNRbdNPH1rKWxrA5M48/QqVKigSQ9Q==",
			"dev": true
		}
	}
}
